
Microsoft Visual Studio Solution File, Format Version 12.00
# Visual Studio 15
VisualStudioVersion = 15.0.28010.2050
MinimumVisualStudioVersion = 10.0.40219.1
Project("{FAE04EC0-301F-11D3-BF4B-00C04F79EFBC}") = "helloworld", "helloworld\helloworld.csproj", "{45171620-2503-4A1D-B66C-7F388717CA7E}"
EndProject
Global
	GlobalSection(SolutionConfigurationPlatforms) = preSolution
		Debug|Any CPU = Debug|Any CPU
		Release|Any CPU = Release|Any CPU
	EndGlobalSection
	GlobalSection(ProjectConfigurationPlatforms) = postSolution
		{45171620-2503-4A1D-B66C-7F388717CA7E}.Debug|Any CPU.ActiveCfg = Debug|Any CPU
		{45171620-2503-4A1D-B66C-7F388717CA7E}.Debug|Any CPU.Build.0 = Debug|Any CPU
		{45171620-2503-4A1D-B66C-7F388717CA7E}.Release|Any CPU.ActiveCfg = Release|Any CPU
		{45171620-2503-4A1D-B66C-7F388717CA7E}.Release|Any CPU.Build.0 = Release|Any CPU
	EndGlobalSection
	GlobalSection(SolutionProperties) = preSolution
		HideSolutionNode = FALSE
	EndGlobalSection
	GlobalSection(ExtensibilityGlobals) = postSolution
		SolutionGuid = {0C3AE5D4-4258-4A70-9869-E955C48562F6}
	EndGlobalSection
EndGlobal
