
Microsoft Visual Studio Solution File, Format Version 12.00
# Visual Studio 15
VisualStudioVersion = 15.0.28010.2036
MinimumVisualStudioVersion = 10.0.40219.1
Project("{FAE04EC0-301F-11D3-BF4B-00C04F79EFBC}") = "Assignment1", "Assignment1\Assignment1.csproj", "{FCD724E1-863E-49CD-BA23-B5F04B7C5E09}"
EndProject
Global
	GlobalSection(SolutionConfigurationPlatforms) = preSolution
		Debug|Any CPU = Debug|Any CPU
		Release|Any CPU = Release|Any CPU
	EndGlobalSection
	GlobalSection(ProjectConfigurationPlatforms) = postSolution
		{FCD724E1-863E-49CD-BA23-B5F04B7C5E09}.Debug|Any CPU.ActiveCfg = Debug|Any CPU
		{FCD724E1-863E-49CD-BA23-B5F04B7C5E09}.Debug|Any CPU.Build.0 = Debug|Any CPU
		{FCD724E1-863E-49CD-BA23-B5F04B7C5E09}.Release|Any CPU.ActiveCfg = Release|Any CPU
		{FCD724E1-863E-49CD-BA23-B5F04B7C5E09}.Release|Any CPU.Build.0 = Release|Any CPU
	EndGlobalSection
	GlobalSection(SolutionProperties) = preSolution
		HideSolutionNode = FALSE
	EndGlobalSection
	GlobalSection(ExtensibilityGlobals) = postSolution
		SolutionGuid = {70D28597-CE31-4A85-8F8A-D76FC2E8837F}
	EndGlobalSection
EndGlobal
