
Microsoft Visual Studio Solution File, Format Version 12.00
# Visual Studio 15
VisualStudioVersion = 15.0.28010.2050
MinimumVisualStudioVersion = 10.0.40219.1
Project("{E24C65DC-7377-472B-9ABA-BC803B73C61A}") = "WebService", "WebService\", "{922793BB-7856-48C9-8198-4A2E9507ECE6}"
	ProjectSection(WebsiteProperties) = preProject
		TargetFrameworkMoniker = ".NETFramework,Version%3Dv4.6.1"
		Debug.AspNetCompiler.VirtualPath = "/localhost_54991"
		Debug.AspNetCompiler.PhysicalPath = "WebService\"
		Debug.AspNetCompiler.TargetPath = "PrecompiledWeb\localhost_54991\"
		Debug.AspNetCompiler.Updateable = "true"
		Debug.AspNetCompiler.ForceOverwrite = "true"
		Debug.AspNetCompiler.FixedNames = "false"
		Debug.AspNetCompiler.Debug = "True"
		Release.AspNetCompiler.VirtualPath = "/localhost_54991"
		Release.AspNetCompiler.PhysicalPath = "WebService\"
		Release.AspNetCompiler.TargetPath = "PrecompiledWeb\localhost_54991\"
		Release.AspNetCompiler.Updateable = "true"
		Release.AspNetCompiler.ForceOverwrite = "true"
		Release.AspNetCompiler.FixedNames = "false"
		Release.AspNetCompiler.Debug = "False"
		VWDPort = "54991"
		SlnRelativePath = "WebService\"
		DefaultWebSiteLanguage = "Visual C#"
	EndProjectSection
EndProject
Project("{FAE04EC0-301F-11D3-BF4B-00C04F79EFBC}") = "WebServiceCore", "WebServiceCore\WebServiceCore.csproj", "{EBAAF26F-19BA-443F-B4F9-68695DA23A06}"
EndProject
Global
	GlobalSection(SolutionConfigurationPlatforms) = preSolution
		Debug|Any CPU = Debug|Any CPU
		Release|Any CPU = Release|Any CPU
	EndGlobalSection
	GlobalSection(ProjectConfigurationPlatforms) = postSolution
		{922793BB-7856-48C9-8198-4A2E9507ECE6}.Debug|Any CPU.ActiveCfg = Debug|Any CPU
		{922793BB-7856-48C9-8198-4A2E9507ECE6}.Debug|Any CPU.Build.0 = Debug|Any CPU
		{922793BB-7856-48C9-8198-4A2E9507ECE6}.Release|Any CPU.ActiveCfg = Debug|Any CPU
		{922793BB-7856-48C9-8198-4A2E9507ECE6}.Release|Any CPU.Build.0 = Debug|Any CPU
		{EBAAF26F-19BA-443F-B4F9-68695DA23A06}.Debug|Any CPU.ActiveCfg = Debug|Any CPU
		{EBAAF26F-19BA-443F-B4F9-68695DA23A06}.Debug|Any CPU.Build.0 = Debug|Any CPU
		{EBAAF26F-19BA-443F-B4F9-68695DA23A06}.Release|Any CPU.ActiveCfg = Release|Any CPU
		{EBAAF26F-19BA-443F-B4F9-68695DA23A06}.Release|Any CPU.Build.0 = Release|Any CPU
	EndGlobalSection
	GlobalSection(SolutionProperties) = preSolution
		HideSolutionNode = FALSE
	EndGlobalSection
	GlobalSection(ExtensibilityGlobals) = postSolution
		SolutionGuid = {D9C11FD2-73AF-4E53-923F-2BDAFCD52788}
	EndGlobalSection
EndGlobal
